// !$*UTF8*$!
{
	archiveVersion = 1;
	classes = {
	};
	objectVersion = 56;
	objects = {

/* Begin PBXBuildFile section */
		D69D84512AA01A6D0042F13D /* HomeView.swift in Sources */ = {isa = PBXBuildFile; fileRef = D69D84502AA01A6D0042F13D /* HomeView.swift */; };
		D69D84532AA01A740042F13D /* HomeViewController.swift in Sources */ = {isa = PBXBuildFile; fileRef = D69D84522AA01A740042F13D /* HomeViewController.swift */; };
		D6B4D72F2A9C1D63007D7935 /* AppDelegate.swift in Sources */ = {isa = PBXBuildFile; fileRef = D6B4D72E2A9C1D63007D7935 /* AppDelegate.swift */; };
		D6B4D7312A9C1D63007D7935 /* SceneDelegate.swift in Sources */ = {isa = PBXBuildFile; fileRef = D6B4D7302A9C1D63007D7935 /* SceneDelegate.swift */; };
		D6B4D7332A9C1D63007D7935 /* AddViewController.swift in Sources */ = {isa = PBXBuildFile; fileRef = D6B4D7322A9C1D63007D7935 /* AddViewController.swift */; };
		D6B4D7382A9C1D65007D7935 /* Assets.xcassets in Resources */ = {isa = PBXBuildFile; fileRef = D6B4D7372A9C1D65007D7935 /* Assets.xcassets */; };
		D6B4D73B2A9C1D65007D7935 /* LaunchScreen.storyboard in Resources */ = {isa = PBXBuildFile; fileRef = D6B4D7392A9C1D65007D7935 /* LaunchScreen.storyboard */; };
		D6B4D7442A9C1E1B007D7935 /* SnapKit in Frameworks */ = {isa = PBXBuildFile; productRef = D6B4D7432A9C1E1B007D7935 /* SnapKit */; };
		D6B4D7472A9C2414007D7935 /* BaseViewController.swift in Sources */ = {isa = PBXBuildFile; fileRef = D6B4D7462A9C2414007D7935 /* BaseViewController.swift */; };
		D6B4D74A2A9C2746007D7935 /* SearchViewController.swift in Sources */ = {isa = PBXBuildFile; fileRef = D6B4D7492A9C2746007D7935 /* SearchViewController.swift */; };
		D6B4D74C2A9C2EB7007D7935 /* BaseView.swift in Sources */ = {isa = PBXBuildFile; fileRef = D6B4D74B2A9C2EB7007D7935 /* BaseView.swift */; };
		D6B4D74F2A9C2FF8007D7935 /* AddView.swift in Sources */ = {isa = PBXBuildFile; fileRef = D6B4D74E2A9C2FF8007D7935 /* AddView.swift */; };
		D6B4D7512A9C3377007D7935 /* SearchView.swift in Sources */ = {isa = PBXBuildFile; fileRef = D6B4D7502A9C3377007D7935 /* SearchView.swift */; };
		D6B4D7532A9C3667007D7935 /* BaseCollectionViewcell.swift in Sources */ = {isa = PBXBuildFile; fileRef = D6B4D7522A9C3667007D7935 /* BaseCollectionViewcell.swift */; };
		D6B4D7552A9C37EE007D7935 /* SearchCollectionViewCell.swift in Sources */ = {isa = PBXBuildFile; fileRef = D6B4D7542A9C37EE007D7935 /* SearchCollectionViewCell.swift */; };
		D6CD179C2A9D7BD600732C3E /* Notification+Extension.swift in Sources */ = {isa = PBXBuildFile; fileRef = D6CD179B2A9D7BD600732C3E /* Notification+Extension.swift */; };
		D6CD179E2A9D7C7200732C3E /* DateView.swift in Sources */ = {isa = PBXBuildFile; fileRef = D6CD179D2A9D7C7200732C3E /* DateView.swift */; };
		D6CD17A02A9D7DBD00732C3E /* DateViewController.swift in Sources */ = {isa = PBXBuildFile; fileRef = D6CD179F2A9D7DBD00732C3E /* DateViewController.swift */; };
		D6CD17A42A9D8E8700732C3E /* DateFormat+Extension.swift in Sources */ = {isa = PBXBuildFile; fileRef = D6CD17A32A9D8E8700732C3E /* DateFormat+Extension.swift */; };
		D6CD17E92A9D9BB300732C3E /* SeSacPhotoFramework.framework in Frameworks */ = {isa = PBXBuildFile; fileRef = D6CD17E52A9D9B8D00732C3E /* SeSacPhotoFramework.framework */; };
		D6CD17EA2A9D9BB300732C3E /* SeSacPhotoFramework.framework in Embed Frameworks */ = {isa = PBXBuildFile; fileRef = D6CD17E52A9D9B8D00732C3E /* SeSacPhotoFramework.framework */; settings = {ATTRIBUTES = (CodeSignOnCopy, RemoveHeadersOnCopy, ); }; };
		D6CD17ED2A9DB54200732C3E /* TitleViewController.swift in Sources */ = {isa = PBXBuildFile; fileRef = D6CD17EC2A9DB54100732C3E /* TitleViewController.swift */; };
		D6CD17EF2A9DC0CD00732C3E /* ContentViewController.swift in Sources */ = {isa = PBXBuildFile; fileRef = D6CD17EE2A9DC0CD00732C3E /* ContentViewController.swift */; };
		D6CD17F12A9DC75100732C3E /* WebViewController.swift in Sources */ = {isa = PBXBuildFile; fileRef = D6CD17F02A9DC75100732C3E /* WebViewController.swift */; };
		D6CD180A2A9EC74600732C3E /* APIService.swift in Sources */ = {isa = PBXBuildFile; fileRef = D6CD18092A9EC74600732C3E /* APIService.swift */; };
		D6CD180C2A9EEBDB00732C3E /* URLSessionViewController.swift in Sources */ = {isa = PBXBuildFile; fileRef = D6CD180B2A9EEBDB00732C3E /* URLSessionViewController.swift */; };
		D6CD180F2A9F8C2100732C3E /* AlertActionType.swift in Sources */ = {isa = PBXBuildFile; fileRef = D6CD180E2A9F8C2100732C3E /* AlertActionType.swift */; };
/* End PBXBuildFile section */

/* Begin PBXContainerItemProxy section */
		D6CD17E42A9D9B8D00732C3E /* PBXContainerItemProxy */ = {
			isa = PBXContainerItemProxy;
			containerPortal = D6CD17DF2A9D9B8D00732C3E /* SeSacPhotoFramework.xcodeproj */;
			proxyType = 2;
			remoteGlobalIDString = D6CD17AF2A9D92B600732C3E;
			remoteInfo = SeSacPhotoFramework;
		};
		D6CD17E62A9D9B8D00732C3E /* PBXContainerItemProxy */ = {
			isa = PBXContainerItemProxy;
			containerPortal = D6CD17DF2A9D9B8D00732C3E /* SeSacPhotoFramework.xcodeproj */;
			proxyType = 2;
			remoteGlobalIDString = D6CD17B92A9D92B600732C3E;
			remoteInfo = SeSacPhotoFrameworkTests;
		};
/* End PBXContainerItemProxy section */

/* Begin PBXCopyFilesBuildPhase section */
		D6CD17EB2A9D9BB300732C3E /* Embed Frameworks */ = {
			isa = PBXCopyFilesBuildPhase;
			buildActionMask = 2147483647;
			dstPath = "";
			dstSubfolderSpec = 10;
			files = (
				D6CD17EA2A9D9BB300732C3E /* SeSacPhotoFramework.framework in Embed Frameworks */,
			);
			name = "Embed Frameworks";
			runOnlyForDeploymentPostprocessing = 0;
		};
/* End PBXCopyFilesBuildPhase section */

/* Begin PBXFileReference section */
		D69D84502AA01A6D0042F13D /* HomeView.swift */ = {isa = PBXFileReference; lastKnownFileType = sourcecode.swift; path = HomeView.swift; sourceTree = "<group>"; };
		D69D84522AA01A740042F13D /* HomeViewController.swift */ = {isa = PBXFileReference; lastKnownFileType = sourcecode.swift; path = HomeViewController.swift; sourceTree = "<group>"; };
		D6B4D72B2A9C1D63007D7935 /* PhotoGram.app */ = {isa = PBXFileReference; explicitFileType = wrapper.application; includeInIndex = 0; path = PhotoGram.app; sourceTree = BUILT_PRODUCTS_DIR; };
		D6B4D72E2A9C1D63007D7935 /* AppDelegate.swift */ = {isa = PBXFileReference; lastKnownFileType = sourcecode.swift; path = AppDelegate.swift; sourceTree = "<group>"; };
		D6B4D7302A9C1D63007D7935 /* SceneDelegate.swift */ = {isa = PBXFileReference; lastKnownFileType = sourcecode.swift; path = SceneDelegate.swift; sourceTree = "<group>"; };
		D6B4D7322A9C1D63007D7935 /* AddViewController.swift */ = {isa = PBXFileReference; lastKnownFileType = sourcecode.swift; path = AddViewController.swift; sourceTree = "<group>"; };
		D6B4D7372A9C1D65007D7935 /* Assets.xcassets */ = {isa = PBXFileReference; lastKnownFileType = folder.assetcatalog; path = Assets.xcassets; sourceTree = "<group>"; };
		D6B4D73A2A9C1D65007D7935 /* Base */ = {isa = PBXFileReference; lastKnownFileType = file.storyboard; name = Base; path = Base.lproj/LaunchScreen.storyboard; sourceTree = "<group>"; };
		D6B4D73C2A9C1D65007D7935 /* Info.plist */ = {isa = PBXFileReference; lastKnownFileType = text.plist.xml; path = Info.plist; sourceTree = "<group>"; };
		D6B4D7462A9C2414007D7935 /* BaseViewController.swift */ = {isa = PBXFileReference; lastKnownFileType = sourcecode.swift; path = BaseViewController.swift; sourceTree = "<group>"; };
		D6B4D7492A9C2746007D7935 /* SearchViewController.swift */ = {isa = PBXFileReference; lastKnownFileType = sourcecode.swift; path = SearchViewController.swift; sourceTree = "<group>"; };
		D6B4D74B2A9C2EB7007D7935 /* BaseView.swift */ = {isa = PBXFileReference; lastKnownFileType = sourcecode.swift; path = BaseView.swift; sourceTree = "<group>"; };
		D6B4D74E2A9C2FF8007D7935 /* AddView.swift */ = {isa = PBXFileReference; lastKnownFileType = sourcecode.swift; path = AddView.swift; sourceTree = "<group>"; };
		D6B4D7502A9C3377007D7935 /* SearchView.swift */ = {isa = PBXFileReference; lastKnownFileType = sourcecode.swift; path = SearchView.swift; sourceTree = "<group>"; };
		D6B4D7522A9C3667007D7935 /* BaseCollectionViewcell.swift */ = {isa = PBXFileReference; lastKnownFileType = sourcecode.swift; path = BaseCollectionViewcell.swift; sourceTree = "<group>"; };
		D6B4D7542A9C37EE007D7935 /* SearchCollectionViewCell.swift */ = {isa = PBXFileReference; lastKnownFileType = sourcecode.swift; path = SearchCollectionViewCell.swift; sourceTree = "<group>"; };
		D6CD179B2A9D7BD600732C3E /* Notification+Extension.swift */ = {isa = PBXFileReference; lastKnownFileType = sourcecode.swift; path = "Notification+Extension.swift"; sourceTree = "<group>"; };
		D6CD179D2A9D7C7200732C3E /* DateView.swift */ = {isa = PBXFileReference; lastKnownFileType = sourcecode.swift; path = DateView.swift; sourceTree = "<group>"; };
		D6CD179F2A9D7DBD00732C3E /* DateViewController.swift */ = {isa = PBXFileReference; lastKnownFileType = sourcecode.swift; path = DateViewController.swift; sourceTree = "<group>"; };
		D6CD17A32A9D8E8700732C3E /* DateFormat+Extension.swift */ = {isa = PBXFileReference; lastKnownFileType = sourcecode.swift; path = "DateFormat+Extension.swift"; sourceTree = "<group>"; };
		D6CD17DF2A9D9B8D00732C3E /* SeSacPhotoFramework.xcodeproj */ = {isa = PBXFileReference; lastKnownFileType = "wrapper.pb-project"; name = SeSacPhotoFramework.xcodeproj; path = ../SeSacPhotoFramework/SeSacPhotoFramework.xcodeproj; sourceTree = "<group>"; };
		D6CD17EC2A9DB54100732C3E /* TitleViewController.swift */ = {isa = PBXFileReference; lastKnownFileType = sourcecode.swift; path = TitleViewController.swift; sourceTree = "<group>"; };
		D6CD17EE2A9DC0CD00732C3E /* ContentViewController.swift */ = {isa = PBXFileReference; lastKnownFileType = sourcecode.swift; path = ContentViewController.swift; sourceTree = "<group>"; };
		D6CD17F02A9DC75100732C3E /* WebViewController.swift */ = {isa = PBXFileReference; lastKnownFileType = sourcecode.swift; path = WebViewController.swift; sourceTree = "<group>"; };
		D6CD18092A9EC74600732C3E /* APIService.swift */ = {isa = PBXFileReference; lastKnownFileType = sourcecode.swift; path = APIService.swift; sourceTree = "<group>"; };
		D6CD180B2A9EEBDB00732C3E /* URLSessionViewController.swift */ = {isa = PBXFileReference; lastKnownFileType = sourcecode.swift; path = URLSessionViewController.swift; sourceTree = "<group>"; };
		D6CD180E2A9F8C2100732C3E /* AlertActionType.swift */ = {isa = PBXFileReference; lastKnownFileType = sourcecode.swift; path = AlertActionType.swift; sourceTree = "<group>"; };
/* End PBXFileReference section */

/* Begin PBXFrameworksBuildPhase section */
		D6B4D7282A9C1D63007D7935 /* Frameworks */ = {
			isa = PBXFrameworksBuildPhase;
			buildActionMask = 2147483647;
			files = (
				D6CD17E92A9D9BB300732C3E /* SeSacPhotoFramework.framework in Frameworks */,
				D6B4D7442A9C1E1B007D7935 /* SnapKit in Frameworks */,
			);
			runOnlyForDeploymentPostprocessing = 0;
		};
/* End PBXFrameworksBuildPhase section */

/* Begin PBXGroup section */
		D69D844F2AA01A570042F13D /* Home */ = {
			isa = PBXGroup;
			children = (
				D69D84522AA01A740042F13D /* HomeViewController.swift */,
				D69D84502AA01A6D0042F13D /* HomeView.swift */,
			);
			path = Home;
			sourceTree = "<group>";
		};
		D6B4D7222A9C1D63007D7935 = {
			isa = PBXGroup;
			children = (
				D6CD17DF2A9D9B8D00732C3E /* SeSacPhotoFramework.xcodeproj */,
				D6B4D72D2A9C1D63007D7935 /* PhotoGram */,
				D6B4D72C2A9C1D63007D7935 /* Products */,
				D6CD17E82A9D9BB300732C3E /* Frameworks */,
			);
			sourceTree = "<group>";
		};
		D6B4D72C2A9C1D63007D7935 /* Products */ = {
			isa = PBXGroup;
			children = (
				D6B4D72B2A9C1D63007D7935 /* PhotoGram.app */,
			);
			name = Products;
			sourceTree = "<group>";
		};
		D6B4D72D2A9C1D63007D7935 /* PhotoGram */ = {
			isa = PBXGroup;
			children = (
				D69D844F2AA01A570042F13D /* Home */,
				D6CD18082A9EC73200732C3E /* Network */,
				D6CD179A2A9D7BBC00732C3E /* Extension */,
				D6B4D74D2A9C2FCC007D7935 /* Add */,
				D6B4D7482A9C272C007D7935 /* Search */,
				D6B4D7452A9C23EF007D7935 /* Base */,
				D6CD180D2A9F8BFB00732C3E /* Enum */,
				D6B4D72E2A9C1D63007D7935 /* AppDelegate.swift */,
				D6B4D7302A9C1D63007D7935 /* SceneDelegate.swift */,
				D6CD17F02A9DC75100732C3E /* WebViewController.swift */,
				D6B4D7372A9C1D65007D7935 /* Assets.xcassets */,
				D6B4D7392A9C1D65007D7935 /* LaunchScreen.storyboard */,
				D6B4D73C2A9C1D65007D7935 /* Info.plist */,
			);
			path = PhotoGram;
			sourceTree = "<group>";
		};
		D6B4D7452A9C23EF007D7935 /* Base */ = {
			isa = PBXGroup;
			children = (
				D6B4D7462A9C2414007D7935 /* BaseViewController.swift */,
				D6B4D74B2A9C2EB7007D7935 /* BaseView.swift */,
				D6B4D7522A9C3667007D7935 /* BaseCollectionViewcell.swift */,
			);
			path = Base;
			sourceTree = "<group>";
		};
		D6B4D7482A9C272C007D7935 /* Search */ = {
			isa = PBXGroup;
			children = (
				D6B4D7492A9C2746007D7935 /* SearchViewController.swift */,
				D6B4D7502A9C3377007D7935 /* SearchView.swift */,
				D6B4D7542A9C37EE007D7935 /* SearchCollectionViewCell.swift */,
			);
			path = Search;
			sourceTree = "<group>";
		};
		D6B4D74D2A9C2FCC007D7935 /* Add */ = {
			isa = PBXGroup;
			children = (
				D6B4D7322A9C1D63007D7935 /* AddViewController.swift */,
				D6B4D74E2A9C2FF8007D7935 /* AddView.swift */,
				D6CD179D2A9D7C7200732C3E /* DateView.swift */,
				D6CD179F2A9D7DBD00732C3E /* DateViewController.swift */,
				D6CD17EC2A9DB54100732C3E /* TitleViewController.swift */,
				D6CD17EE2A9DC0CD00732C3E /* ContentViewController.swift */,
			);
			path = Add;
			sourceTree = "<group>";
		};
		D6CD179A2A9D7BBC00732C3E /* Extension */ = {
			isa = PBXGroup;
			children = (
				D6CD179B2A9D7BD600732C3E /* Notification+Extension.swift */,
				D6CD17A32A9D8E8700732C3E /* DateFormat+Extension.swift */,
			);
			path = Extension;
			sourceTree = "<group>";
		};
		D6CD17E02A9D9B8D00732C3E /* Products */ = {
			isa = PBXGroup;
			children = (
				D6CD17E52A9D9B8D00732C3E /* SeSacPhotoFramework.framework */,
				D6CD17E72A9D9B8D00732C3E /* SeSacPhotoFrameworkTests.xctest */,
			);
			name = Products;
			sourceTree = "<group>";
		};
		D6CD17E82A9D9BB300732C3E /* Frameworks */ = {
			isa = PBXGroup;
			children = (
			);
			name = Frameworks;
			sourceTree = "<group>";
		};
		D6CD18082A9EC73200732C3E /* Network */ = {
			isa = PBXGroup;
			children = (
				D6CD18092A9EC74600732C3E /* APIService.swift */,
				D6CD180B2A9EEBDB00732C3E /* URLSessionViewController.swift */,
			);
			path = Network;
			sourceTree = "<group>";
		};
		D6CD180D2A9F8BFB00732C3E /* Enum */ = {
			isa = PBXGroup;
			children = (
				D6CD180E2A9F8C2100732C3E /* AlertActionType.swift */,
			);
			path = Enum;
			sourceTree = "<group>";
		};
/* End PBXGroup section */

/* Begin PBXNativeTarget section */
		D6B4D72A2A9C1D63007D7935 /* PhotoGram */ = {
			isa = PBXNativeTarget;
			buildConfigurationList = D6B4D73F2A9C1D65007D7935 /* Build configuration list for PBXNativeTarget "PhotoGram" */;
			buildPhases = (
				D6B4D7272A9C1D63007D7935 /* Sources */,
				D6B4D7282A9C1D63007D7935 /* Frameworks */,
				D6B4D7292A9C1D63007D7935 /* Resources */,
				D6CD17EB2A9D9BB300732C3E /* Embed Frameworks */,
			);
			buildRules = (
			);
			dependencies = (
			);
			name = PhotoGram;
			packageProductDependencies = (
				D6B4D7432A9C1E1B007D7935 /* SnapKit */,
			);
			productName = PhotoGram;
			productReference = D6B4D72B2A9C1D63007D7935 /* PhotoGram.app */;
			productType = "com.apple.product-type.application";
		};
/* End PBXNativeTarget section */

/* Begin PBXProject section */
		D6B4D7232A9C1D63007D7935 /* Project object */ = {
			isa = PBXProject;
			attributes = {
				BuildIndependentTargetsInParallel = 1;
				LastSwiftUpdateCheck = 1430;
				LastUpgradeCheck = 1430;
				TargetAttributes = {
					D6B4D72A2A9C1D63007D7935 = {
						CreatedOnToolsVersion = 14.3.1;
					};
				};
			};
			buildConfigurationList = D6B4D7262A9C1D63007D7935 /* Build configuration list for PBXProject "PhotoGram" */;
			compatibilityVersion = "Xcode 14.0";
			developmentRegion = en;
			hasScannedForEncodings = 0;
			knownRegions = (
				en,
				Base,
			);
			mainGroup = D6B4D7222A9C1D63007D7935;
			packageReferences = (
				D6B4D7422A9C1E1B007D7935 /* XCRemoteSwiftPackageReference "SnapKit" */,
			);
			productRefGroup = D6B4D72C2A9C1D63007D7935 /* Products */;
			projectDirPath = "";
			projectReferences = (
				{
					ProductGroup = D6CD17E02A9D9B8D00732C3E /* Products */;
					ProjectRef = D6CD17DF2A9D9B8D00732C3E /* SeSacPhotoFramework.xcodeproj */;
				},
			);
			projectRoot = "";
			targets = (
				D6B4D72A2A9C1D63007D7935 /* PhotoGram */,
			);
		};
/* End PBXProject section */

/* Begin PBXReferenceProxy section */
		D6CD17E52A9D9B8D00732C3E /* SeSacPhotoFramework.framework */ = {
			isa = PBXReferenceProxy;
			fileType = wrapper.framework;
			path = SeSacPhotoFramework.framework;
			remoteRef = D6CD17E42A9D9B8D00732C3E /* PBXContainerItemProxy */;
			sourceTree = BUILT_PRODUCTS_DIR;
		};
		D6CD17E72A9D9B8D00732C3E /* SeSacPhotoFrameworkTests.xctest */ = {
			isa = PBXReferenceProxy;
			fileType = wrapper.cfbundle;
			path = SeSacPhotoFrameworkTests.xctest;
			remoteRef = D6CD17E62A9D9B8D00732C3E /* PBXContainerItemProxy */;
			sourceTree = BUILT_PRODUCTS_DIR;
		};
/* End PBXReferenceProxy section */

/* Begin PBXResourcesBuildPhase section */
		D6B4D7292A9C1D63007D7935 /* Resources */ = {
			isa = PBXResourcesBuildPhase;
			buildActionMask = 2147483647;
			files = (
				D6B4D73B2A9C1D65007D7935 /* LaunchScreen.storyboard in Resources */,
				D6B4D7382A9C1D65007D7935 /* Assets.xcassets in Resources */,
			);
			runOnlyForDeploymentPostprocessing = 0;
		};
/* End PBXResourcesBuildPhase section */

/* Begin PBXSourcesBuildPhase section */
		D6B4D7272A9C1D63007D7935 /* Sources */ = {
			isa = PBXSourcesBuildPhase;
			buildActionMask = 2147483647;
			files = (
				D6CD17EF2A9DC0CD00732C3E /* ContentViewController.swift in Sources */,
				D6CD179C2A9D7BD600732C3E /* Notification+Extension.swift in Sources */,
				D6B4D74F2A9C2FF8007D7935 /* AddView.swift in Sources */,
				D6B4D74A2A9C2746007D7935 /* SearchViewController.swift in Sources */,
				D6B4D7332A9C1D63007D7935 /* AddViewController.swift in Sources */,
				D6CD17A42A9D8E8700732C3E /* DateFormat+Extension.swift in Sources */,
				D6B4D7472A9C2414007D7935 /* BaseViewController.swift in Sources */,
				D69D84532AA01A740042F13D /* HomeViewController.swift in Sources */,
				D6CD17A02A9D7DBD00732C3E /* DateViewController.swift in Sources */,
				D6B4D7552A9C37EE007D7935 /* SearchCollectionViewCell.swift in Sources */,
				D6CD179E2A9D7C7200732C3E /* DateView.swift in Sources */,
				D6CD180C2A9EEBDB00732C3E /* URLSessionViewController.swift in Sources */,
				D6B4D7532A9C3667007D7935 /* BaseCollectionViewcell.swift in Sources */,
				D6CD17ED2A9DB54200732C3E /* TitleViewController.swift in Sources */,
				D6CD17F12A9DC75100732C3E /* WebViewController.swift in Sources */,
				D6B4D7512A9C3377007D7935 /* SearchView.swift in Sources */,
				D69D84512AA01A6D0042F13D /* HomeView.swift in Sources */,
				D6B4D74C2A9C2EB7007D7935 /* BaseView.swift in Sources */,
				D6CD180F2A9F8C2100732C3E /* AlertActionType.swift in Sources */,
				D6B4D72F2A9C1D63007D7935 /* AppDelegate.swift in Sources */,
				D6CD180A2A9EC74600732C3E /* APIService.swift in Sources */,
				D6B4D7312A9C1D63007D7935 /* SceneDelegate.swift in Sources */,
			);
			runOnlyForDeploymentPostprocessing = 0;
		};
/* End PBXSourcesBuildPhase section */

/* Begin PBXVariantGroup section */
		D6B4D7392A9C1D65007D7935 /* LaunchScreen.storyboard */ = {
			isa = PBXVariantGroup;
			children = (
				D6B4D73A2A9C1D65007D7935 /* Base */,
			);
			name = LaunchScreen.storyboard;
			sourceTree = "<group>";
		};
/* End PBXVariantGroup section */

/* Begin XCBuildConfiguration section */
		D6B4D73D2A9C1D65007D7935 /* Debug */ = {
			isa = XCBuildConfiguration;
			buildSettings = {
				ALWAYS_SEARCH_USER_PATHS = NO;
				CLANG_ANALYZER_NONNULL = YES;
				CLANG_ANALYZER_NUMBER_OBJECT_CONVERSION = YES_AGGRESSIVE;
				CLANG_CXX_LANGUAGE_STANDARD = "gnu++20";
				CLANG_ENABLE_MODULES = YES;
				CLANG_ENABLE_OBJC_ARC = YES;
				CLANG_ENABLE_OBJC_WEAK = YES;
				CLANG_WARN_BLOCK_CAPTURE_AUTORELEASING = YES;
				CLANG_WARN_BOOL_CONVERSION = YES;
				CLANG_WARN_COMMA = YES;
				CLANG_WARN_CONSTANT_CONVERSION = YES;
				CLANG_WARN_DEPRECATED_OBJC_IMPLEMENTATIONS = YES;
				CLANG_WARN_DIRECT_OBJC_ISA_USAGE = YES_ERROR;
				CLANG_WARN_DOCUMENTATION_COMMENTS = YES;
				CLANG_WARN_EMPTY_BODY = YES;
				CLANG_WARN_ENUM_CONVERSION = YES;
				CLANG_WARN_INFINITE_RECURSION = YES;
				CLANG_WARN_INT_CONVERSION = YES;
				CLANG_WARN_NON_LITERAL_NULL_CONVERSION = YES;
				CLANG_WARN_OBJC_IMPLICIT_RETAIN_SELF = YES;
				CLANG_WARN_OBJC_LITERAL_CONVERSION = YES;
				CLANG_WARN_OBJC_ROOT_CLASS = YES_ERROR;
				CLANG_WARN_QUOTED_INCLUDE_IN_FRAMEWORK_HEADER = YES;
				CLANG_WARN_RANGE_LOOP_ANALYSIS = YES;
				CLANG_WARN_STRICT_PROTOTYPES = YES;
				CLANG_WARN_SUSPICIOUS_MOVE = YES;
				CLANG_WARN_UNGUARDED_AVAILABILITY = YES_AGGRESSIVE;
				CLANG_WARN_UNREACHABLE_CODE = YES;
				CLANG_WARN__DUPLICATE_METHOD_MATCH = YES;
				COPY_PHASE_STRIP = NO;
				DEBUG_INFORMATION_FORMAT = dwarf;
				ENABLE_STRICT_OBJC_MSGSEND = YES;
				ENABLE_TESTABILITY = YES;
				GCC_C_LANGUAGE_STANDARD = gnu11;
				GCC_DYNAMIC_NO_PIC = NO;
				GCC_NO_COMMON_BLOCKS = YES;
				GCC_OPTIMIZATION_LEVEL = 0;
				GCC_PREPROCESSOR_DEFINITIONS = (
					"DEBUG=1",
					"$(inherited)",
				);
				GCC_WARN_64_TO_32_BIT_CONVERSION = YES;
				GCC_WARN_ABOUT_RETURN_TYPE = YES_ERROR;
				GCC_WARN_UNDECLARED_SELECTOR = YES;
				GCC_WARN_UNINITIALIZED_AUTOS = YES_AGGRESSIVE;
				GCC_WARN_UNUSED_FUNCTION = YES;
				GCC_WARN_UNUSED_VARIABLE = YES;
				IPHONEOS_DEPLOYMENT_TARGET = 16.4;
				MTL_ENABLE_DEBUG_INFO = INCLUDE_SOURCE;
				MTL_FAST_MATH = YES;
				ONLY_ACTIVE_ARCH = YES;
				SDKROOT = iphoneos;
				SWIFT_ACTIVE_COMPILATION_CONDITIONS = DEBUG;
				SWIFT_OPTIMIZATION_LEVEL = "-Onone";
			};
			name = Debug;
		};
		D6B4D73E2A9C1D65007D7935 /* Release */ = {
			isa = XCBuildConfiguration;
			buildSettings = {
				ALWAYS_SEARCH_USER_PATHS = NO;
				CLANG_ANALYZER_NONNULL = YES;
				CLANG_ANALYZER_NUMBER_OBJECT_CONVERSION = YES_AGGRESSIVE;
				CLANG_CXX_LANGUAGE_STANDARD = "gnu++20";
				CLANG_ENABLE_MODULES = YES;
				CLANG_ENABLE_OBJC_ARC = YES;
				CLANG_ENABLE_OBJC_WEAK = YES;
				CLANG_WARN_BLOCK_CAPTURE_AUTORELEASING = YES;
				CLANG_WARN_BOOL_CONVERSION = YES;
				CLANG_WARN_COMMA = YES;
				CLANG_WARN_CONSTANT_CONVERSION = YES;
				CLANG_WARN_DEPRECATED_OBJC_IMPLEMENTATIONS = YES;
				CLANG_WARN_DIRECT_OBJC_ISA_USAGE = YES_ERROR;
				CLANG_WARN_DOCUMENTATION_COMMENTS = YES;
				CLANG_WARN_EMPTY_BODY = YES;
				CLANG_WARN_ENUM_CONVERSION = YES;
				CLANG_WARN_INFINITE_RECURSION = YES;
				CLANG_WARN_INT_CONVERSION = YES;
				CLANG_WARN_NON_LITERAL_NULL_CONVERSION = YES;
				CLANG_WARN_OBJC_IMPLICIT_RETAIN_SELF = YES;
				CLANG_WARN_OBJC_LITERAL_CONVERSION = YES;
				CLANG_WARN_OBJC_ROOT_CLASS = YES_ERROR;
				CLANG_WARN_QUOTED_INCLUDE_IN_FRAMEWORK_HEADER = YES;
				CLANG_WARN_RANGE_LOOP_ANALYSIS = YES;
				CLANG_WARN_STRICT_PROTOTYPES = YES;
				CLANG_WARN_SUSPICIOUS_MOVE = YES;
				CLANG_WARN_UNGUARDED_AVAILABILITY = YES_AGGRESSIVE;
				CLANG_WARN_UNREACHABLE_CODE = YES;
				CLANG_WARN__DUPLICATE_METHOD_MATCH = YES;
				COPY_PHASE_STRIP = NO;
				DEBUG_INFORMATION_FORMAT = "dwarf-with-dsym";
				ENABLE_NS_ASSERTIONS = NO;
				ENABLE_STRICT_OBJC_MSGSEND = YES;
				GCC_C_LANGUAGE_STANDARD = gnu11;
				GCC_NO_COMMON_BLOCKS = YES;
				GCC_WARN_64_TO_32_BIT_CONVERSION = YES;
				GCC_WARN_ABOUT_RETURN_TYPE = YES_ERROR;
				GCC_WARN_UNDECLARED_SELECTOR = YES;
				GCC_WARN_UNINITIALIZED_AUTOS = YES_AGGRESSIVE;
				GCC_WARN_UNUSED_FUNCTION = YES;
				GCC_WARN_UNUSED_VARIABLE = YES;
				IPHONEOS_DEPLOYMENT_TARGET = 16.4;
				MTL_ENABLE_DEBUG_INFO = NO;
				MTL_FAST_MATH = YES;
				SDKROOT = iphoneos;
				SWIFT_COMPILATION_MODE = wholemodule;
				SWIFT_OPTIMIZATION_LEVEL = "-O";
				VALIDATE_PRODUCT = YES;
			};
			name = Release;
		};
		D6B4D7402A9C1D65007D7935 /* Debug */ = {
			isa = XCBuildConfiguration;
			buildSettings = {
				ASSETCATALOG_COMPILER_APPICON_NAME = AppIcon;
				ASSETCATALOG_COMPILER_GLOBAL_ACCENT_COLOR_NAME = AccentColor;
				CODE_SIGN_STYLE = Automatic;
				CURRENT_PROJECT_VERSION = 1;
				DEVELOPMENT_TEAM = Y7C6A3W353;
				GENERATE_INFOPLIST_FILE = YES;
				INFOPLIST_FILE = PhotoGram/Info.plist;
				INFOPLIST_KEY_UIApplicationSupportsIndirectInputEvents = YES;
				INFOPLIST_KEY_UILaunchStoryboardName = LaunchScreen;
				INFOPLIST_KEY_UISupportedInterfaceOrientations_iPad = "UIInterfaceOrientationPortrait UIInterfaceOrientationPortraitUpsideDown UIInterfaceOrientationLandscapeLeft UIInterfaceOrientationLandscapeRight";
				INFOPLIST_KEY_UISupportedInterfaceOrientations_iPhone = "UIInterfaceOrientationPortrait UIInterfaceOrientationLandscapeLeft UIInterfaceOrientationLandscapeRight";
				LD_RUNPATH_SEARCH_PATHS = (
					"$(inherited)",
					"@executable_path/Frameworks",
				);
				MARKETING_VERSION = 1.0;
				PRODUCT_BUNDLE_IDENTIFIER = com.sangnam.PhotoGram;
				PRODUCT_NAME = "$(TARGET_NAME)";
				SWIFT_EMIT_LOC_STRINGS = YES;
				SWIFT_VERSION = 5.0;
				TARGETED_DEVICE_FAMILY = "1,2";
			};
			name = Debug;
		};
		D6B4D7412A9C1D65007D7935 /* Release */ = {
			isa = XCBuildConfiguration;
			buildSettings = {
				ASSETCATALOG_COMPILER_APPICON_NAME = AppIcon;
				ASSETCATALOG_COMPILER_GLOBAL_ACCENT_COLOR_NAME = AccentColor;
				CODE_SIGN_STYLE = Automatic;
				CURRENT_PROJECT_VERSION = 1;
				DEVELOPMENT_TEAM = Y7C6A3W353;
				GENERATE_INFOPLIST_FILE = YES;
				INFOPLIST_FILE = PhotoGram/Info.plist;
				INFOPLIST_KEY_UIApplicationSupportsIndirectInputEvents = YES;
				INFOPLIST_KEY_UILaunchStoryboardName = LaunchScreen;
				INFOPLIST_KEY_UISupportedInterfaceOrientations_iPad = "UIInterfaceOrientationPortrait UIInterfaceOrientationPortraitUpsideDown UIInterfaceOrientationLandscapeLeft UIInterfaceOrientationLandscapeRight";
				INFOPLIST_KEY_UISupportedInterfaceOrientations_iPhone = "UIInterfaceOrientationPortrait UIInterfaceOrientationLandscapeLeft UIInterfaceOrientationLandscapeRight";
				LD_RUNPATH_SEARCH_PATHS = (
					"$(inherited)",
					"@executable_path/Frameworks",
				);
				MARKETING_VERSION = 1.0;
				PRODUCT_BUNDLE_IDENTIFIER = com.sangnam.PhotoGram;
				PRODUCT_NAME = "$(TARGET_NAME)";
				SWIFT_EMIT_LOC_STRINGS = YES;
				SWIFT_VERSION = 5.0;
				TARGETED_DEVICE_FAMILY = "1,2";
			};
			name = Release;
		};
/* End XCBuildConfiguration section */

/* Begin XCConfigurationList section */
		D6B4D7262A9C1D63007D7935 /* Build configuration list for PBXProject "PhotoGram" */ = {
			isa = XCConfigurationList;
			buildConfigurations = (
				D6B4D73D2A9C1D65007D7935 /* Debug */,
				D6B4D73E2A9C1D65007D7935 /* Release */,
			);
			defaultConfigurationIsVisible = 0;
			defaultConfigurationName = Release;
		};
		D6B4D73F2A9C1D65007D7935 /* Build configuration list for PBXNativeTarget "PhotoGram" */ = {
			isa = XCConfigurationList;
			buildConfigurations = (
				D6B4D7402A9C1D65007D7935 /* Debug */,
				D6B4D7412A9C1D65007D7935 /* Release */,
			);
			defaultConfigurationIsVisible = 0;
			defaultConfigurationName = Release;
		};
/* End XCConfigurationList section */

/* Begin XCRemoteSwiftPackageReference section */
		D6B4D7422A9C1E1B007D7935 /* XCRemoteSwiftPackageReference "SnapKit" */ = {
			isa = XCRemoteSwiftPackageReference;
			repositoryURL = "https://github.com/SnapKit/SnapKit.git";
			requirement = {
				kind = upToNextMajorVersion;
				minimumVersion = 5.0.0;
			};
		};
/* End XCRemoteSwiftPackageReference section */

/* Begin XCSwiftPackageProductDependency section */
		D6B4D7432A9C1E1B007D7935 /* SnapKit */ = {
			isa = XCSwiftPackageProductDependency;
			package = D6B4D7422A9C1E1B007D7935 /* XCRemoteSwiftPackageReference "SnapKit" */;
			productName = SnapKit;
		};
/* End XCSwiftPackageProductDependency section */
	};
	rootObject = D6B4D7232A9C1D63007D7935 /* Project object */;
}
